
Microsoft Visual Studio Solution File, Format Version 12.00
# Visual Studio Version 16
VisualStudioVersion = 16.0.29201.188
MinimumVisualStudioVersion = 10.0.40219.1
Project("{FAE04EC0-301F-11D3-BF4B-00C04F79EFBC}") = "XDocumentTutorial", "XDocumentTutorial\XDocumentTutorial.csproj", "{5DE2E080-BACE-4342-9747-0C7F0109514E}"
EndProject
Global
	GlobalSection(SolutionConfigurationPlatforms) = preSolution
		Debug|Any CPU = Debug|Any CPU
		Release|Any CPU = Release|Any CPU
	EndGlobalSection
	GlobalSection(ProjectConfigurationPlatforms) = postSolution
		{5DE2E080-BACE-4342-9747-0C7F0109514E}.Debug|Any CPU.ActiveCfg = Debug|Any CPU
		{5DE2E080-BACE-4342-9747-0C7F0109514E}.Debug|Any CPU.Build.0 = Debug|Any CPU
		{5DE2E080-BACE-4342-9747-0C7F0109514E}.Release|Any CPU.ActiveCfg = Release|Any CPU
		{5DE2E080-BACE-4342-9747-0C7F0109514E}.Release|Any CPU.Build.0 = Release|Any CPU
	EndGlobalSection
	GlobalSection(SolutionProperties) = preSolution
		HideSolutionNode = FALSE
	EndGlobalSection
	GlobalSection(ExtensibilityGlobals) = postSolution
		SolutionGuid = {03DA80D3-15A5-458E-A1B0-4966014DF38F}
	EndGlobalSection
EndGlobal
